
Microsoft Visual Studio Solution File, Format Version 12.00
# Visual Studio 15
VisualStudioVersion = 15.0.27428.2015
MinimumVisualStudioVersion = 10.0.40219.1
Project("{FAE04EC0-301F-11D3-BF4B-00C04F79EFBC}") = "test", "test\test.csproj", "{B36B81FC-75A6-45EE-BB89-ECDD9B9BB65D}"
EndProject
Global
	GlobalSection(SolutionConfigurationPlatforms) = preSolution
		Debug|Any CPU = Debug|Any CPU
		Release|Any CPU = Release|Any CPU
	EndGlobalSection
	GlobalSection(ProjectConfigurationPlatforms) = postSolution
		{B36B81FC-75A6-45EE-BB89-ECDD9B9BB65D}.Debug|Any CPU.ActiveCfg = Debug|Any CPU
		{B36B81FC-75A6-45EE-BB89-ECDD9B9BB65D}.Debug|Any CPU.Build.0 = Debug|Any CPU
		{B36B81FC-75A6-45EE-BB89-ECDD9B9BB65D}.Release|Any CPU.ActiveCfg = Release|Any CPU
		{B36B81FC-75A6-45EE-BB89-ECDD9B9BB65D}.Release|Any CPU.Build.0 = Release|Any CPU
	EndGlobalSection
	GlobalSection(SolutionProperties) = preSolution
		HideSolutionNode = FALSE
	EndGlobalSection
	GlobalSection(ExtensibilityGlobals) = postSolution
		SolutionGuid = {438BF9B3-D2C5-4970-905A-E70DAE558D97}
	EndGlobalSection
EndGlobal
